# Generated-style fixture with per-package dependency maps for graph tests.
version: 3
sdks:
  dart: ">=3.5.0 <4.0.0"
packages:
  collection:
    dependency: "direct main"
    description:
      name: collection
      sha256: aaaaaaaaaaaaaaaaaaaaaaaaaaaaaaaaaaaaaaaaaaaaaaaaaaaaaaaaaaaaaaaa
      url: "https://pub.dev"
    source: hosted
    version: "1.18.0"
    dependencies:
      # none
  path:
    dependency: "direct main"
    description:
      name: path
      sha256: bbbbbbbbbbbbbbbbbbbbbbbbbbbbbbbbbbbbbbbbbbbbbbbbbbbbbbbbbbbbbbbb
      url: "https://pub.dev"
    source: hosted
    version: "1.9.0"
  test:
    dependency: "direct dev"
    description:
      name: test
      sha256: cccccccccccccccccccccccccccccccccccccccccccccccccccccccccccccccc
      url: "https://pub.dev"
    source: hosted
    version: "1.25.0"
    dependencies:
      matcher: ^0.12.16
      path: ^1.9.0
  matcher:
    dependency: transitive
    description:
      name: matcher
      sha256: dddddddddddddddddddddddddddddddddddddddddddddddddddddddddddddddd
      url: "https://pub.dev"
    source: hosted
    version: "0.12.16"
    dependencies:
      stack_trace: ^1.11.0
  stack_trace:
    dependency: transitive
    description:
      name: stack_trace
      sha256: eeeeeeeeeeeeeeeeeeeeeeeeeeeeeeeeeeeeeeeeeeeeeeeeeeeeeeeeeeeeeeee
      url: "https://pub.dev"
    source: hosted
    version: "1.11.1"
    dependencies:
      path: ^1.9.0
