version: 3
sdks:
  dart: ">=3.5.0 <4.0.0"
packages:
  a:
    dependency: "direct main"
    description:
      name: a
      sha256: "aaaaaaaaaaaaaaaaaaaaaaaaaaaaaaaaaaaaaaaaaaaaaaaaaaaaaaaaaaaaaaaa"
      url: "https://pub.dev"
    source: hosted
    version: "1.0.0"
    dependencies:
      b: ^1.0.0
  b:
    dependency: transitive
    description:
      name: b
      sha256: "bbbbbbbbbbbbbbbbbbbbbbbbbbbbbbbbbbbbbbbbbbbbbbbbbbbbbbbbbbbbbbbb"
      url: "https://pub.dev"
    source: hosted
    version: "1.0.0"
    dependencies:
      c: ^1.0.0
  c:
    dependency: transitive
    description:
      name: c
      sha256: "cccccccccccccccccccccccccccccccccccccccccccccccccccccccccccccccc"
      url: "https://pub.dev"
    source: hosted
    version: "1.0.0"
    dependencies:
      a: ^1.0.0
