version: 3
sdks:
  dart: ">=3.5.0 <4.0.0"
packages:
  alpha:
    dependency: "direct main"
    description:
      name: alpha
      sha256: "aaaaaaaaaaaaaaaaaaaaaaaaaaaaaaaaaaaaaaaaaaaaaaaaaaaaaaaaaaaaaaaa"
      url: "https://pub.dev"
    source: hosted
    version: "1.0.0"
    dependencies:
      shared: ">=1.0.0 <2.0.0"
  shared:
    dependency: "direct overridden"
    description:
      name: shared
      sha256: "bbbbbbbbbbbbbbbbbbbbbbbbbbbbbbbbbbbbbbbbbbbbbbbbbbbbbbbbbbbbbbbb"
      url: "https://pub.dev"
    source: hosted
    version: "1.5.0"
  leftover:
    dependency: "direct overridden"
    description:
      name: leftover
      sha256: "cccccccccccccccccccccccccccccccccccccccccccccccccccccccccccccccc"
      url: "https://pub.dev"
    source: hosted
    version: "0.1.0"
